
Microsoft Visual Studio Solution File, Format Version 12.00
# Visual Studio Version 17
VisualStudioVersion = 17.10.35027.167
MinimumVisualStudioVersion = 10.0.40219.1
Project("{FAE04EC0-301F-11D3-BF4B-00C04F79EFBC}") = "Flipper zero dolphin state editor", "Flipper zero dolphin state editor.csproj", "{DAC55203-4F2E-4ABE-9856-62FC98A10391}"
EndProject
Global
	GlobalSection(SolutionConfigurationPlatforms) = preSolution
		Debug|Any CPU = Debug|Any CPU
		Release|Any CPU = Release|Any CPU
	EndGlobalSection
	GlobalSection(ProjectConfigurationPlatforms) = postSolution
		{DAC55203-4F2E-4ABE-9856-62FC98A10391}.Debug|Any CPU.ActiveCfg = Debug|Any CPU
		{DAC55203-4F2E-4ABE-9856-62FC98A10391}.Debug|Any CPU.Build.0 = Debug|Any CPU
		{DAC55203-4F2E-4ABE-9856-62FC98A10391}.Release|Any CPU.ActiveCfg = Release|Any CPU
		{DAC55203-4F2E-4ABE-9856-62FC98A10391}.Release|Any CPU.Build.0 = Release|Any CPU
	EndGlobalSection
	GlobalSection(SolutionProperties) = preSolution
		HideSolutionNode = FALSE
	EndGlobalSection
	GlobalSection(ExtensibilityGlobals) = postSolution
		SolutionGuid = {B9193057-5773-4E4B-B2F3-C9DC2DA37438}
	EndGlobalSection
EndGlobal
